// !$*UTF8*$!
{
	archiveVersion = 1;
	classes = {
	};
	objectVersion = 46;
	objects = {

/* Begin PBXBuildFile section */
		9F62BF831DC021E3004611CC /* workwallnke.c in Sources */ = {isa = PBXBuildFile; fileRef = 9F62BF821DC021E3004611CC /* workwallnke.c */; };
		9F62BF8B1DC02F9C004611CC /* workwallnke.kext in CopyFiles */ = {isa = PBXBuildFile; fileRef = 9F62BF7F1DC021E3004611CC /* workwallnke.kext */; settings = {ATTRIBUTES = (CodeSignOnCopy, RemoveHeadersOnCopy, ); }; };
		9FC2920B1DC1724000032528 /* workwallctl in CopyFiles */ = {isa = PBXBuildFile; fileRef = 9FC291FE1DC1675F00032528 /* workwallctl */; };
		9FC2920E1DC174D100032528 /* workwallctl.c in Sources */ = {isa = PBXBuildFile; fileRef = 9FC2920C1DC1729100032528 /* workwallctl.c */; };
/* End PBXBuildFile section */

/* Begin PBXCopyFilesBuildPhase section */
		9F62BF8A1DC02F8B004611CC /* CopyFiles */ = {
			isa = PBXCopyFilesBuildPhase;
			buildActionMask = 12;
			dstPath = "${PROJECT_DIR}/build";
			dstSubfolderSpec = 0;
			files = (
				9F62BF8B1DC02F9C004611CC /* workwallnke.kext in CopyFiles */,
			);
			runOnlyForDeploymentPostprocessing = 0;
		};
		9FC292091DC1722B00032528 /* CopyFiles */ = {
			isa = PBXCopyFilesBuildPhase;
			buildActionMask = 2147483647;
			dstPath = "${PROJECT_DIR}/../bin";
			dstSubfolderSpec = 0;
			files = (
				9FC2920B1DC1724000032528 /* workwallctl in CopyFiles */,
			);
			runOnlyForDeploymentPostprocessing = 0;
		};
/* End PBXCopyFilesBuildPhase section */

/* Begin PBXFileReference section */
		9F62BF7F1DC021E3004611CC /* workwallnke.kext */ = {isa = PBXFileReference; explicitFileType = wrapper.cfbundle; includeInIndex = 0; path = workwallnke.kext; sourceTree = BUILT_PRODUCTS_DIR; };
		9F62BF821DC021E3004611CC /* workwallnke.c */ = {isa = PBXFileReference; lastKnownFileType = sourcecode.c.c; path = workwallnke.c; sourceTree = "<group>"; };
		9F62BF841DC021E3004611CC /* Info.plist */ = {isa = PBXFileReference; lastKnownFileType = text.plist.xml; path = Info.plist; sourceTree = "<group>"; };
		9FC291F91DC13BBA00032528 /* workwall.h */ = {isa = PBXFileReference; lastKnownFileType = sourcecode.c.h; path = workwall.h; sourceTree = "<group>"; };
		9FC291FE1DC1675F00032528 /* workwallctl */ = {isa = PBXFileReference; explicitFileType = "compiled.mach-o.executable"; includeInIndex = 0; path = workwallctl; sourceTree = BUILT_PRODUCTS_DIR; };
		9FC2920C1DC1729100032528 /* workwallctl.c */ = {isa = PBXFileReference; fileEncoding = 4; lastKnownFileType = sourcecode.c.c; path = workwallctl.c; sourceTree = "<group>"; };
/* End PBXFileReference section */

/* Begin PBXFrameworksBuildPhase section */
		9F62BF7B1DC021E3004611CC /* Frameworks */ = {
			isa = PBXFrameworksBuildPhase;
			buildActionMask = 2147483647;
			files = (
			);
			runOnlyForDeploymentPostprocessing = 0;
		};
		9FC291FB1DC1675F00032528 /* Frameworks */ = {
			isa = PBXFrameworksBuildPhase;
			buildActionMask = 2147483647;
			files = (
			);
			runOnlyForDeploymentPostprocessing = 0;
		};
/* End PBXFrameworksBuildPhase section */

/* Begin PBXGroup section */
		9F62BF751DC021E3004611CC = {
			isa = PBXGroup;
			children = (
				9F62BF811DC021E3004611CC /* workwall */,
				9F62BF801DC021E3004611CC /* Products */,
			);
			sourceTree = "<group>";
		};
		9F62BF801DC021E3004611CC /* Products */ = {
			isa = PBXGroup;
			children = (
				9F62BF7F1DC021E3004611CC /* workwallnke.kext */,
				9FC291FE1DC1675F00032528 /* workwallctl */,
			);
			name = Products;
			sourceTree = "<group>";
		};
		9F62BF811DC021E3004611CC /* workwall */ = {
			isa = PBXGroup;
			children = (
				9F62BF821DC021E3004611CC /* workwallnke.c */,
				9F62BF841DC021E3004611CC /* Info.plist */,
				9FC291F91DC13BBA00032528 /* workwall.h */,
				9FC2920C1DC1729100032528 /* workwallctl.c */,
			);
			path = workwall;
			sourceTree = "<group>";
		};
/* End PBXGroup section */

/* Begin PBXHeadersBuildPhase section */
		9F62BF7C1DC021E3004611CC /* Headers */ = {
			isa = PBXHeadersBuildPhase;
			buildActionMask = 2147483647;
			files = (
			);
			runOnlyForDeploymentPostprocessing = 0;
		};
/* End PBXHeadersBuildPhase section */

/* Begin PBXNativeTarget section */
		9F62BF7E1DC021E3004611CC /* workwallnke */ = {
			isa = PBXNativeTarget;
			buildConfigurationList = 9F62BF871DC021E3004611CC /* Build configuration list for PBXNativeTarget "workwallnke" */;
			buildPhases = (
				9F62BF7A1DC021E3004611CC /* Sources */,
				9F62BF7B1DC021E3004611CC /* Frameworks */,
				9F62BF7C1DC021E3004611CC /* Headers */,
				9F62BF7D1DC021E3004611CC /* Resources */,
				9F62BF8A1DC02F8B004611CC /* CopyFiles */,
			);
			buildRules = (
			);
			dependencies = (
			);
			name = workwallnke;
			productName = workwall;
			productReference = 9F62BF7F1DC021E3004611CC /* workwallnke.kext */;
			productType = "com.apple.product-type.kernel-extension";
		};
		9FC291FD1DC1675F00032528 /* workwallctl */ = {
			isa = PBXNativeTarget;
			buildConfigurationList = 9FC292021DC1675F00032528 /* Build configuration list for PBXNativeTarget "workwallctl" */;
			buildPhases = (
				9FC291FA1DC1675F00032528 /* Sources */,
				9FC291FB1DC1675F00032528 /* Frameworks */,
				9FC292091DC1722B00032528 /* CopyFiles */,
			);
			buildRules = (
			);
			dependencies = (
			);
			name = workwallctl;
			productName = workwallctl;
			productReference = 9FC291FE1DC1675F00032528 /* workwallctl */;
			productType = "com.apple.product-type.tool";
		};
/* End PBXNativeTarget section */

/* Begin PBXProject section */
		9F62BF761DC021E3004611CC /* Project object */ = {
			isa = PBXProject;
			attributes = {
				LastUpgradeCheck = 0800;
				ORGANIZATIONNAME = "Ted Suzman";
				TargetAttributes = {
					9F62BF7E1DC021E3004611CC = {
						CreatedOnToolsVersion = 8.0;
						DevelopmentTeam = X82CCH88CU;
						ProvisioningStyle = Automatic;
					};
					9FC291FD1DC1675F00032528 = {
						CreatedOnToolsVersion = 8.0;
						DevelopmentTeam = X82CCH88CU;
						ProvisioningStyle = Automatic;
					};
				};
			};
			buildConfigurationList = 9F62BF791DC021E3004611CC /* Build configuration list for PBXProject "workwall" */;
			compatibilityVersion = "Xcode 3.2";
			developmentRegion = English;
			hasScannedForEncodings = 0;
			knownRegions = (
				en,
			);
			mainGroup = 9F62BF751DC021E3004611CC;
			productRefGroup = 9F62BF801DC021E3004611CC /* Products */;
			projectDirPath = "";
			projectRoot = "";
			targets = (
				9F62BF7E1DC021E3004611CC /* workwallnke */,
				9FC291FD1DC1675F00032528 /* workwallctl */,
			);
		};
/* End PBXProject section */

/* Begin PBXResourcesBuildPhase section */
		9F62BF7D1DC021E3004611CC /* Resources */ = {
			isa = PBXResourcesBuildPhase;
			buildActionMask = 2147483647;
			files = (
			);
			runOnlyForDeploymentPostprocessing = 0;
		};
/* End PBXResourcesBuildPhase section */

/* Begin PBXSourcesBuildPhase section */
		9F62BF7A1DC021E3004611CC /* Sources */ = {
			isa = PBXSourcesBuildPhase;
			buildActionMask = 2147483647;
			files = (
				9F62BF831DC021E3004611CC /* workwallnke.c in Sources */,
			);
			runOnlyForDeploymentPostprocessing = 0;
		};
		9FC291FA1DC1675F00032528 /* Sources */ = {
			isa = PBXSourcesBuildPhase;
			buildActionMask = 2147483647;
			files = (
				9FC2920E1DC174D100032528 /* workwallctl.c in Sources */,
			);
			runOnlyForDeploymentPostprocessing = 0;
		};
/* End PBXSourcesBuildPhase section */

/* Begin XCBuildConfiguration section */
		9F62BF851DC021E3004611CC /* Debug */ = {
			isa = XCBuildConfiguration;
			buildSettings = {
				ALWAYS_SEARCH_USER_PATHS = NO;
				CLANG_ANALYZER_NONNULL = YES;
				CLANG_CXX_LANGUAGE_STANDARD = "gnu++0x";
				CLANG_CXX_LIBRARY = "libc++";
				CLANG_ENABLE_MODULES = YES;
				CLANG_ENABLE_OBJC_ARC = YES;
				CLANG_WARN_BOOL_CONVERSION = YES;
				CLANG_WARN_CONSTANT_CONVERSION = YES;
				CLANG_WARN_DIRECT_OBJC_ISA_USAGE = YES_ERROR;
				CLANG_WARN_DOCUMENTATION_COMMENTS = YES;
				CLANG_WARN_EMPTY_BODY = YES;
				CLANG_WARN_ENUM_CONVERSION = YES;
				CLANG_WARN_INFINITE_RECURSION = YES;
				CLANG_WARN_INT_CONVERSION = YES;
				CLANG_WARN_OBJC_ROOT_CLASS = YES_ERROR;
				CLANG_WARN_SUSPICIOUS_MOVES = YES;
				CLANG_WARN_UNREACHABLE_CODE = YES;
				CLANG_WARN__DUPLICATE_METHOD_MATCH = YES;
				CODE_SIGN_IDENTITY = "-";
				COPY_PHASE_STRIP = NO;
				DEBUG_INFORMATION_FORMAT = dwarf;
				ENABLE_STRICT_OBJC_MSGSEND = YES;
				ENABLE_TESTABILITY = YES;
				GCC_C_LANGUAGE_STANDARD = gnu99;
				GCC_DYNAMIC_NO_PIC = NO;
				GCC_NO_COMMON_BLOCKS = YES;
				GCC_OPTIMIZATION_LEVEL = 0;
				GCC_PREPROCESSOR_DEFINITIONS = (
					"DEBUG=1",
					"$(inherited)",
				);
				GCC_WARN_64_TO_32_BIT_CONVERSION = YES;
				GCC_WARN_ABOUT_RETURN_TYPE = YES_ERROR;
				GCC_WARN_UNDECLARED_SELECTOR = YES;
				GCC_WARN_UNINITIALIZED_AUTOS = YES_AGGRESSIVE;
				GCC_WARN_UNUSED_FUNCTION = YES;
				GCC_WARN_UNUSED_VARIABLE = YES;
				MACOSX_DEPLOYMENT_TARGET = 10.11;
				MTL_ENABLE_DEBUG_INFO = YES;
				ONLY_ACTIVE_ARCH = YES;
				SDKROOT = macosx;
			};
			name = Debug;
		};
		9F62BF861DC021E3004611CC /* Release */ = {
			isa = XCBuildConfiguration;
			buildSettings = {
				ALWAYS_SEARCH_USER_PATHS = NO;
				CLANG_ANALYZER_NONNULL = YES;
				CLANG_CXX_LANGUAGE_STANDARD = "gnu++0x";
				CLANG_CXX_LIBRARY = "libc++";
				CLANG_ENABLE_MODULES = YES;
				CLANG_ENABLE_OBJC_ARC = YES;
				CLANG_WARN_BOOL_CONVERSION = YES;
				CLANG_WARN_CONSTANT_CONVERSION = YES;
				CLANG_WARN_DIRECT_OBJC_ISA_USAGE = YES_ERROR;
				CLANG_WARN_DOCUMENTATION_COMMENTS = YES;
				CLANG_WARN_EMPTY_BODY = YES;
				CLANG_WARN_ENUM_CONVERSION = YES;
				CLANG_WARN_INFINITE_RECURSION = YES;
				CLANG_WARN_INT_CONVERSION = YES;
				CLANG_WARN_OBJC_ROOT_CLASS = YES_ERROR;
				CLANG_WARN_SUSPICIOUS_MOVES = YES;
				CLANG_WARN_UNREACHABLE_CODE = YES;
				CLANG_WARN__DUPLICATE_METHOD_MATCH = YES;
				CODE_SIGN_IDENTITY = "-";
				COPY_PHASE_STRIP = NO;
				DEBUG_INFORMATION_FORMAT = "dwarf-with-dsym";
				ENABLE_NS_ASSERTIONS = NO;
				ENABLE_STRICT_OBJC_MSGSEND = YES;
				GCC_C_LANGUAGE_STANDARD = gnu99;
				GCC_NO_COMMON_BLOCKS = YES;
				GCC_WARN_64_TO_32_BIT_CONVERSION = YES;
				GCC_WARN_ABOUT_RETURN_TYPE = YES_ERROR;
				GCC_WARN_UNDECLARED_SELECTOR = YES;
				GCC_WARN_UNINITIALIZED_AUTOS = YES_AGGRESSIVE;
				GCC_WARN_UNUSED_FUNCTION = YES;
				GCC_WARN_UNUSED_VARIABLE = YES;
				MACOSX_DEPLOYMENT_TARGET = 10.11;
				MTL_ENABLE_DEBUG_INFO = NO;
				SDKROOT = macosx;
			};
			name = Release;
		};
		9F62BF881DC021E3004611CC /* Debug */ = {
			isa = XCBuildConfiguration;
			buildSettings = {
				DEVELOPMENT_TEAM = X82CCH88CU;
				INFOPLIST_FILE = workwall/Info.plist;
				MODULE_NAME = local.roboteddy.workwall;
				MODULE_START = workwall_start;
				MODULE_STOP = workwall_stop;
				MODULE_VERSION = 1.0.0d1;
				PRODUCT_BUNDLE_IDENTIFIER = local.roboteddy.workwall;
				PRODUCT_NAME = "$(TARGET_NAME)";
				WRAPPER_EXTENSION = kext;
			};
			name = Debug;
		};
		9F62BF891DC021E3004611CC /* Release */ = {
			isa = XCBuildConfiguration;
			buildSettings = {
				DEVELOPMENT_TEAM = X82CCH88CU;
				INFOPLIST_FILE = workwall/Info.plist;
				MODULE_NAME = local.roboteddy.workwall;
				MODULE_START = workwall_start;
				MODULE_STOP = workwall_stop;
				MODULE_VERSION = 1.0.0d1;
				PRODUCT_BUNDLE_IDENTIFIER = local.roboteddy.workwall;
				PRODUCT_NAME = "$(TARGET_NAME)";
				WRAPPER_EXTENSION = kext;
			};
			name = Release;
		};
		9FC292031DC1675F00032528 /* Debug */ = {
			isa = XCBuildConfiguration;
			buildSettings = {
				DEVELOPMENT_TEAM = X82CCH88CU;
				PRODUCT_NAME = "$(TARGET_NAME)";
			};
			name = Debug;
		};
		9FC292041DC1675F00032528 /* Release */ = {
			isa = XCBuildConfiguration;
			buildSettings = {
				DEVELOPMENT_TEAM = X82CCH88CU;
				PRODUCT_NAME = "$(TARGET_NAME)";
			};
			name = Release;
		};
/* End XCBuildConfiguration section */

/* Begin XCConfigurationList section */
		9F62BF791DC021E3004611CC /* Build configuration list for PBXProject "workwall" */ = {
			isa = XCConfigurationList;
			buildConfigurations = (
				9F62BF851DC021E3004611CC /* Debug */,
				9F62BF861DC021E3004611CC /* Release */,
			);
			defaultConfigurationIsVisible = 0;
			defaultConfigurationName = Release;
		};
		9F62BF871DC021E3004611CC /* Build configuration list for PBXNativeTarget "workwallnke" */ = {
			isa = XCConfigurationList;
			buildConfigurations = (
				9F62BF881DC021E3004611CC /* Debug */,
				9F62BF891DC021E3004611CC /* Release */,
			);
			defaultConfigurationIsVisible = 0;
			defaultConfigurationName = Release;
		};
		9FC292021DC1675F00032528 /* Build configuration list for PBXNativeTarget "workwallctl" */ = {
			isa = XCConfigurationList;
			buildConfigurations = (
				9FC292031DC1675F00032528 /* Debug */,
				9FC292041DC1675F00032528 /* Release */,
			);
			defaultConfigurationIsVisible = 0;
		};
/* End XCConfigurationList section */
	};
	rootObject = 9F62BF761DC021E3004611CC /* Project object */;
}
